
Microsoft Visual Studio Solution File, Format Version 12.00
# Visual Studio Version 17
VisualStudioVersion = 17.5.002.0
MinimumVisualStudioVersion = 10.0.40219.1
Project("{9A19103F-16F7-4668-BE54-9A1E7A4F7556}") = "CompraDesc", "CompraDesc.csproj", "{13A40F89-F03F-48D8-B1FD-B8CA7C7655E5}"
EndProject
Global
	GlobalSection(SolutionConfigurationPlatforms) = preSolution
		Debug|Any CPU = Debug|Any CPU
		Release|Any CPU = Release|Any CPU
	EndGlobalSection
	GlobalSection(ProjectConfigurationPlatforms) = postSolution
		{13A40F89-F03F-48D8-B1FD-B8CA7C7655E5}.Debug|Any CPU.ActiveCfg = Debug|Any CPU
		{13A40F89-F03F-48D8-B1FD-B8CA7C7655E5}.Debug|Any CPU.Build.0 = Debug|Any CPU
		{13A40F89-F03F-48D8-B1FD-B8CA7C7655E5}.Release|Any CPU.ActiveCfg = Release|Any CPU
		{13A40F89-F03F-48D8-B1FD-B8CA7C7655E5}.Release|Any CPU.Build.0 = Release|Any CPU
	EndGlobalSection
	GlobalSection(SolutionProperties) = preSolution
		HideSolutionNode = FALSE
	EndGlobalSection
	GlobalSection(ExtensibilityGlobals) = postSolution
		SolutionGuid = {508F01FB-A0E4-43E8-AC6E-48C87C6D33CD}
	EndGlobalSection
EndGlobal
